
Microsoft Visual Studio Solution File, Format Version 12.00
# Visual Studio 15
VisualStudioVersion = 15.0.26430.16
MinimumVisualStudioVersion = 10.0.40219.1
Project("{FAE04EC0-301F-11D3-BF4B-00C04F79EFBC}") = "Chatbot5000", "Chatbot5000\Chatbot5000.csproj", "{A8BA1066-5695-4D71-ABB4-65E5A5E0C3D4}"
EndProject
Project("{FAE04EC0-301F-11D3-BF4B-00C04F79EFBC}") = "TeamManifest", "TeamManifest\TeamManifest.csproj", "{A0286970-BAFB-48F3-B439-5513A245BF81}"
EndProject
Project("{FAE04EC0-301F-11D3-BF4B-00C04F79EFBC}") = "NeuralNetwork", "NeuralNetwork\NeuralNetwork.csproj", "{379660C3-2D2D-4383-B388-51E021CBF873}"
EndProject
Project("{FAE04EC0-301F-11D3-BF4B-00C04F79EFBC}") = "TextProcessing", "TextProcessing\TextProcessing.csproj", "{145AA4C5-9F44-4466-9768-75E859C9EDB9}"
EndProject
Project("{FAE04EC0-301F-11D3-BF4B-00C04F79EFBC}") = "NeuralNetwork_UnitTests", "NeuralNetwork_UnitTests\NeuralNetwork_UnitTests.csproj", "{BEC6F797-2EDA-43FF-A050-ADE2234A233A}"
EndProject
Global
	GlobalSection(SolutionConfigurationPlatforms) = preSolution
		Ad-Hoc|Any CPU = Ad-Hoc|Any CPU
		Ad-Hoc|ARM = Ad-Hoc|ARM
		Ad-Hoc|iPhone = Ad-Hoc|iPhone
		Ad-Hoc|iPhoneSimulator = Ad-Hoc|iPhoneSimulator
		Ad-Hoc|x64 = Ad-Hoc|x64
		Ad-Hoc|x86 = Ad-Hoc|x86
		AppStore|Any CPU = AppStore|Any CPU
		AppStore|ARM = AppStore|ARM
		AppStore|iPhone = AppStore|iPhone
		AppStore|iPhoneSimulator = AppStore|iPhoneSimulator
		AppStore|x64 = AppStore|x64
		AppStore|x86 = AppStore|x86
		Debug|Any CPU = Debug|Any CPU
		Debug|ARM = Debug|ARM
		Debug|iPhone = Debug|iPhone
		Debug|iPhoneSimulator = Debug|iPhoneSimulator
		Debug|x64 = Debug|x64
		Debug|x86 = Debug|x86
		Release|Any CPU = Release|Any CPU
		Release|ARM = Release|ARM
		Release|iPhone = Release|iPhone
		Release|iPhoneSimulator = Release|iPhoneSimulator
		Release|x64 = Release|x64
		Release|x86 = Release|x86
	EndGlobalSection
	GlobalSection(ProjectConfigurationPlatforms) = postSolution
		{A8BA1066-5695-4D71-ABB4-65E5A5E0C3D4}.Ad-Hoc|Any CPU.ActiveCfg = Release|Any CPU
		{A8BA1066-5695-4D71-ABB4-65E5A5E0C3D4}.Ad-Hoc|Any CPU.Build.0 = Release|Any CPU
		{A8BA1066-5695-4D71-ABB4-65E5A5E0C3D4}.Ad-Hoc|ARM.ActiveCfg = Release|Any CPU
		{A8BA1066-5695-4D71-ABB4-65E5A5E0C3D4}.Ad-Hoc|ARM.Build.0 = Release|Any CPU
		{A8BA1066-5695-4D71-ABB4-65E5A5E0C3D4}.Ad-Hoc|iPhone.ActiveCfg = Release|Any CPU
		{A8BA1066-5695-4D71-ABB4-65E5A5E0C3D4}.Ad-Hoc|iPhone.Build.0 = Release|Any CPU
		{A8BA1066-5695-4D71-ABB4-65E5A5E0C3D4}.Ad-Hoc|iPhoneSimulator.ActiveCfg = Release|Any CPU
		{A8BA1066-5695-4D71-ABB4-65E5A5E0C3D4}.Ad-Hoc|iPhoneSimulator.Build.0 = Release|Any CPU
		{A8BA1066-5695-4D71-ABB4-65E5A5E0C3D4}.Ad-Hoc|x64.ActiveCfg = Release|Any CPU
		{A8BA1066-5695-4D71-ABB4-65E5A5E0C3D4}.Ad-Hoc|x64.Build.0 = Release|Any CPU
		{A8BA1066-5695-4D71-ABB4-65E5A5E0C3D4}.Ad-Hoc|x86.ActiveCfg = Release|Any CPU
		{A8BA1066-5695-4D71-ABB4-65E5A5E0C3D4}.Ad-Hoc|x86.Build.0 = Release|Any CPU
		{A8BA1066-5695-4D71-ABB4-65E5A5E0C3D4}.AppStore|Any CPU.ActiveCfg = Release|Any CPU
		{A8BA1066-5695-4D71-ABB4-65E5A5E0C3D4}.AppStore|Any CPU.Build.0 = Release|Any CPU
		{A8BA1066-5695-4D71-ABB4-65E5A5E0C3D4}.AppStore|ARM.ActiveCfg = Release|Any CPU
		{A8BA1066-5695-4D71-ABB4-65E5A5E0C3D4}.AppStore|ARM.Build.0 = Release|Any CPU
		{A8BA1066-5695-4D71-ABB4-65E5A5E0C3D4}.AppStore|iPhone.ActiveCfg = Release|Any CPU
		{A8BA1066-5695-4D71-ABB4-65E5A5E0C3D4}.AppStore|iPhone.Build.0 = Release|Any CPU
		{A8BA1066-5695-4D71-ABB4-65E5A5E0C3D4}.AppStore|iPhoneSimulator.ActiveCfg = Release|Any CPU
		{A8BA1066-5695-4D71-ABB4-65E5A5E0C3D4}.AppStore|iPhoneSimulator.Build.0 = Release|Any CPU
		{A8BA1066-5695-4D71-ABB4-65E5A5E0C3D4}.AppStore|x64.ActiveCfg = Release|Any CPU
		{A8BA1066-5695-4D71-ABB4-65E5A5E0C3D4}.AppStore|x64.Build.0 = Release|Any CPU
		{A8BA1066-5695-4D71-ABB4-65E5A5E0C3D4}.AppStore|x86.ActiveCfg = Release|Any CPU
		{A8BA1066-5695-4D71-ABB4-65E5A5E0C3D4}.AppStore|x86.Build.0 = Release|Any CPU
		{A8BA1066-5695-4D71-ABB4-65E5A5E0C3D4}.Debug|Any CPU.ActiveCfg = Debug|Any CPU
		{A8BA1066-5695-4D71-ABB4-65E5A5E0C3D4}.Debug|Any CPU.Build.0 = Debug|Any CPU
		{A8BA1066-5695-4D71-ABB4-65E5A5E0C3D4}.Debug|ARM.ActiveCfg = Debug|Any CPU
		{A8BA1066-5695-4D71-ABB4-65E5A5E0C3D4}.Debug|ARM.Build.0 = Debug|Any CPU
		{A8BA1066-5695-4D71-ABB4-65E5A5E0C3D4}.Debug|iPhone.ActiveCfg = Debug|Any CPU
		{A8BA1066-5695-4D71-ABB4-65E5A5E0C3D4}.Debug|iPhone.Build.0 = Debug|Any CPU
		{A8BA1066-5695-4D71-ABB4-65E5A5E0C3D4}.Debug|iPhoneSimulator.ActiveCfg = Debug|Any CPU
		{A8BA1066-5695-4D71-ABB4-65E5A5E0C3D4}.Debug|iPhoneSimulator.Build.0 = Debug|Any CPU
		{A8BA1066-5695-4D71-ABB4-65E5A5E0C3D4}.Debug|x64.ActiveCfg = Debug|Any CPU
		{A8BA1066-5695-4D71-ABB4-65E5A5E0C3D4}.Debug|x64.Build.0 = Debug|Any CPU
		{A8BA1066-5695-4D71-ABB4-65E5A5E0C3D4}.Debug|x86.ActiveCfg = Debug|Any CPU
		{A8BA1066-5695-4D71-ABB4-65E5A5E0C3D4}.Debug|x86.Build.0 = Debug|Any CPU
		{A8BA1066-5695-4D71-ABB4-65E5A5E0C3D4}.Release|Any CPU.ActiveCfg = Release|Any CPU
		{A8BA1066-5695-4D71-ABB4-65E5A5E0C3D4}.Release|Any CPU.Build.0 = Release|Any CPU
		{A8BA1066-5695-4D71-ABB4-65E5A5E0C3D4}.Release|ARM.ActiveCfg = Release|Any CPU
		{A8BA1066-5695-4D71-ABB4-65E5A5E0C3D4}.Release|ARM.Build.0 = Release|Any CPU
		{A8BA1066-5695-4D71-ABB4-65E5A5E0C3D4}.Release|iPhone.ActiveCfg = Release|Any CPU
		{A8BA1066-5695-4D71-ABB4-65E5A5E0C3D4}.Release|iPhone.Build.0 = Release|Any CPU
		{A8BA1066-5695-4D71-ABB4-65E5A5E0C3D4}.Release|iPhoneSimulator.ActiveCfg = Release|Any CPU
		{A8BA1066-5695-4D71-ABB4-65E5A5E0C3D4}.Release|iPhoneSimulator.Build.0 = Release|Any CPU
		{A8BA1066-5695-4D71-ABB4-65E5A5E0C3D4}.Release|x64.ActiveCfg = Release|Any CPU
		{A8BA1066-5695-4D71-ABB4-65E5A5E0C3D4}.Release|x64.Build.0 = Release|Any CPU
		{A8BA1066-5695-4D71-ABB4-65E5A5E0C3D4}.Release|x86.ActiveCfg = Release|Any CPU
		{A8BA1066-5695-4D71-ABB4-65E5A5E0C3D4}.Release|x86.Build.0 = Release|Any CPU
		{A0286970-BAFB-48F3-B439-5513A245BF81}.Ad-Hoc|Any CPU.ActiveCfg = Release|x64
		{A0286970-BAFB-48F3-B439-5513A245BF81}.Ad-Hoc|Any CPU.Build.0 = Release|x64
		{A0286970-BAFB-48F3-B439-5513A245BF81}.Ad-Hoc|Any CPU.Deploy.0 = Release|x64
		{A0286970-BAFB-48F3-B439-5513A245BF81}.Ad-Hoc|ARM.ActiveCfg = Release|ARM
		{A0286970-BAFB-48F3-B439-5513A245BF81}.Ad-Hoc|ARM.Build.0 = Release|ARM
		{A0286970-BAFB-48F3-B439-5513A245BF81}.Ad-Hoc|ARM.Deploy.0 = Release|ARM
		{A0286970-BAFB-48F3-B439-5513A245BF81}.Ad-Hoc|iPhone.ActiveCfg = Release|x64
		{A0286970-BAFB-48F3-B439-5513A245BF81}.Ad-Hoc|iPhone.Build.0 = Release|x64
		{A0286970-BAFB-48F3-B439-5513A245BF81}.Ad-Hoc|iPhone.Deploy.0 = Release|x64
		{A0286970-BAFB-48F3-B439-5513A245BF81}.Ad-Hoc|iPhoneSimulator.ActiveCfg = Release|x64
		{A0286970-BAFB-48F3-B439-5513A245BF81}.Ad-Hoc|iPhoneSimulator.Build.0 = Release|x64
		{A0286970-BAFB-48F3-B439-5513A245BF81}.Ad-Hoc|iPhoneSimulator.Deploy.0 = Release|x64
		{A0286970-BAFB-48F3-B439-5513A245BF81}.Ad-Hoc|x64.ActiveCfg = Release|x64
		{A0286970-BAFB-48F3-B439-5513A245BF81}.Ad-Hoc|x64.Build.0 = Release|x64
		{A0286970-BAFB-48F3-B439-5513A245BF81}.Ad-Hoc|x64.Deploy.0 = Release|x64
		{A0286970-BAFB-48F3-B439-5513A245BF81}.Ad-Hoc|x86.ActiveCfg = Release|x86
		{A0286970-BAFB-48F3-B439-5513A245BF81}.Ad-Hoc|x86.Build.0 = Release|x86
		{A0286970-BAFB-48F3-B439-5513A245BF81}.Ad-Hoc|x86.Deploy.0 = Release|x86
		{A0286970-BAFB-48F3-B439-5513A245BF81}.AppStore|Any CPU.ActiveCfg = Release|x64
		{A0286970-BAFB-48F3-B439-5513A245BF81}.AppStore|Any CPU.Build.0 = Release|x64
		{A0286970-BAFB-48F3-B439-5513A245BF81}.AppStore|Any CPU.Deploy.0 = Release|x64
		{A0286970-BAFB-48F3-B439-5513A245BF81}.AppStore|ARM.ActiveCfg = Release|ARM
		{A0286970-BAFB-48F3-B439-5513A245BF81}.AppStore|ARM.Build.0 = Release|ARM
		{A0286970-BAFB-48F3-B439-5513A245BF81}.AppStore|ARM.Deploy.0 = Release|ARM
		{A0286970-BAFB-48F3-B439-5513A245BF81}.AppStore|iPhone.ActiveCfg = Release|x64
		{A0286970-BAFB-48F3-B439-5513A245BF81}.AppStore|iPhone.Build.0 = Release|x64
		{A0286970-BAFB-48F3-B439-5513A245BF81}.AppStore|iPhone.Deploy.0 = Release|x64
		{A0286970-BAFB-48F3-B439-5513A245BF81}.AppStore|iPhoneSimulator.ActiveCfg = Release|x64
		{A0286970-BAFB-48F3-B439-5513A245BF81}.AppStore|iPhoneSimulator.Build.0 = Release|x64
		{A0286970-BAFB-48F3-B439-5513A245BF81}.AppStore|iPhoneSimulator.Deploy.0 = Release|x64
		{A0286970-BAFB-48F3-B439-5513A245BF81}.AppStore|x64.ActiveCfg = Release|x64
		{A0286970-BAFB-48F3-B439-5513A245BF81}.AppStore|x64.Build.0 = Release|x64
		{A0286970-BAFB-48F3-B439-5513A245BF81}.AppStore|x64.Deploy.0 = Release|x64
		{A0286970-BAFB-48F3-B439-5513A245BF81}.AppStore|x86.ActiveCfg = Release|x86
		{A0286970-BAFB-48F3-B439-5513A245BF81}.AppStore|x86.Build.0 = Release|x86
		{A0286970-BAFB-48F3-B439-5513A245BF81}.AppStore|x86.Deploy.0 = Release|x86
		{A0286970-BAFB-48F3-B439-5513A245BF81}.Debug|Any CPU.ActiveCfg = Debug|x86
		{A0286970-BAFB-48F3-B439-5513A245BF81}.Debug|ARM.ActiveCfg = Debug|ARM
		{A0286970-BAFB-48F3-B439-5513A245BF81}.Debug|ARM.Build.0 = Debug|ARM
		{A0286970-BAFB-48F3-B439-5513A245BF81}.Debug|ARM.Deploy.0 = Debug|ARM
		{A0286970-BAFB-48F3-B439-5513A245BF81}.Debug|iPhone.ActiveCfg = Debug|x86
		{A0286970-BAFB-48F3-B439-5513A245BF81}.Debug|iPhoneSimulator.ActiveCfg = Debug|x86
		{A0286970-BAFB-48F3-B439-5513A245BF81}.Debug|x64.ActiveCfg = Debug|x64
		{A0286970-BAFB-48F3-B439-5513A245BF81}.Debug|x64.Build.0 = Debug|x64
		{A0286970-BAFB-48F3-B439-5513A245BF81}.Debug|x64.Deploy.0 = Debug|x64
		{A0286970-BAFB-48F3-B439-5513A245BF81}.Debug|x86.ActiveCfg = Debug|x86
		{A0286970-BAFB-48F3-B439-5513A245BF81}.Debug|x86.Build.0 = Debug|x86
		{A0286970-BAFB-48F3-B439-5513A245BF81}.Debug|x86.Deploy.0 = Debug|x86
		{A0286970-BAFB-48F3-B439-5513A245BF81}.Release|Any CPU.ActiveCfg = Release|x86
		{A0286970-BAFB-48F3-B439-5513A245BF81}.Release|ARM.ActiveCfg = Release|ARM
		{A0286970-BAFB-48F3-B439-5513A245BF81}.Release|ARM.Build.0 = Release|ARM
		{A0286970-BAFB-48F3-B439-5513A245BF81}.Release|ARM.Deploy.0 = Release|ARM
		{A0286970-BAFB-48F3-B439-5513A245BF81}.Release|iPhone.ActiveCfg = Release|x86
		{A0286970-BAFB-48F3-B439-5513A245BF81}.Release|iPhoneSimulator.ActiveCfg = Release|x86
		{A0286970-BAFB-48F3-B439-5513A245BF81}.Release|x64.ActiveCfg = Release|x64
		{A0286970-BAFB-48F3-B439-5513A245BF81}.Release|x64.Build.0 = Release|x64
		{A0286970-BAFB-48F3-B439-5513A245BF81}.Release|x64.Deploy.0 = Release|x64
		{A0286970-BAFB-48F3-B439-5513A245BF81}.Release|x86.ActiveCfg = Release|x86
		{A0286970-BAFB-48F3-B439-5513A245BF81}.Release|x86.Build.0 = Release|x86
		{A0286970-BAFB-48F3-B439-5513A245BF81}.Release|x86.Deploy.0 = Release|x86
		{379660C3-2D2D-4383-B388-51E021CBF873}.Ad-Hoc|Any CPU.ActiveCfg = Release|Any CPU
		{379660C3-2D2D-4383-B388-51E021CBF873}.Ad-Hoc|Any CPU.Build.0 = Release|Any CPU
		{379660C3-2D2D-4383-B388-51E021CBF873}.Ad-Hoc|ARM.ActiveCfg = Release|Any CPU
		{379660C3-2D2D-4383-B388-51E021CBF873}.Ad-Hoc|ARM.Build.0 = Release|Any CPU
		{379660C3-2D2D-4383-B388-51E021CBF873}.Ad-Hoc|iPhone.ActiveCfg = Release|Any CPU
		{379660C3-2D2D-4383-B388-51E021CBF873}.Ad-Hoc|iPhone.Build.0 = Release|Any CPU
		{379660C3-2D2D-4383-B388-51E021CBF873}.Ad-Hoc|iPhoneSimulator.ActiveCfg = Release|Any CPU
		{379660C3-2D2D-4383-B388-51E021CBF873}.Ad-Hoc|iPhoneSimulator.Build.0 = Release|Any CPU
		{379660C3-2D2D-4383-B388-51E021CBF873}.Ad-Hoc|x64.ActiveCfg = Release|Any CPU
		{379660C3-2D2D-4383-B388-51E021CBF873}.Ad-Hoc|x64.Build.0 = Release|Any CPU
		{379660C3-2D2D-4383-B388-51E021CBF873}.Ad-Hoc|x86.ActiveCfg = Release|Any CPU
		{379660C3-2D2D-4383-B388-51E021CBF873}.Ad-Hoc|x86.Build.0 = Release|Any CPU
		{379660C3-2D2D-4383-B388-51E021CBF873}.AppStore|Any CPU.ActiveCfg = Release|Any CPU
		{379660C3-2D2D-4383-B388-51E021CBF873}.AppStore|Any CPU.Build.0 = Release|Any CPU
		{379660C3-2D2D-4383-B388-51E021CBF873}.AppStore|ARM.ActiveCfg = Release|Any CPU
		{379660C3-2D2D-4383-B388-51E021CBF873}.AppStore|ARM.Build.0 = Release|Any CPU
		{379660C3-2D2D-4383-B388-51E021CBF873}.AppStore|iPhone.ActiveCfg = Release|Any CPU
		{379660C3-2D2D-4383-B388-51E021CBF873}.AppStore|iPhone.Build.0 = Release|Any CPU
		{379660C3-2D2D-4383-B388-51E021CBF873}.AppStore|iPhoneSimulator.ActiveCfg = Release|Any CPU
		{379660C3-2D2D-4383-B388-51E021CBF873}.AppStore|iPhoneSimulator.Build.0 = Release|Any CPU
		{379660C3-2D2D-4383-B388-51E021CBF873}.AppStore|x64.ActiveCfg = Release|Any CPU
		{379660C3-2D2D-4383-B388-51E021CBF873}.AppStore|x64.Build.0 = Release|Any CPU
		{379660C3-2D2D-4383-B388-51E021CBF873}.AppStore|x86.ActiveCfg = Release|Any CPU
		{379660C3-2D2D-4383-B388-51E021CBF873}.AppStore|x86.Build.0 = Release|Any CPU
		{379660C3-2D2D-4383-B388-51E021CBF873}.Debug|Any CPU.ActiveCfg = Debug|Any CPU
		{379660C3-2D2D-4383-B388-51E021CBF873}.Debug|Any CPU.Build.0 = Debug|Any CPU
		{379660C3-2D2D-4383-B388-51E021CBF873}.Debug|ARM.ActiveCfg = Debug|Any CPU
		{379660C3-2D2D-4383-B388-51E021CBF873}.Debug|ARM.Build.0 = Debug|Any CPU
		{379660C3-2D2D-4383-B388-51E021CBF873}.Debug|iPhone.ActiveCfg = Debug|Any CPU
		{379660C3-2D2D-4383-B388-51E021CBF873}.Debug|iPhone.Build.0 = Debug|Any CPU
		{379660C3-2D2D-4383-B388-51E021CBF873}.Debug|iPhoneSimulator.ActiveCfg = Debug|Any CPU
		{379660C3-2D2D-4383-B388-51E021CBF873}.Debug|iPhoneSimulator.Build.0 = Debug|Any CPU
		{379660C3-2D2D-4383-B388-51E021CBF873}.Debug|x64.ActiveCfg = Debug|Any CPU
		{379660C3-2D2D-4383-B388-51E021CBF873}.Debug|x64.Build.0 = Debug|Any CPU
		{379660C3-2D2D-4383-B388-51E021CBF873}.Debug|x86.ActiveCfg = Debug|Any CPU
		{379660C3-2D2D-4383-B388-51E021CBF873}.Debug|x86.Build.0 = Debug|Any CPU
		{379660C3-2D2D-4383-B388-51E021CBF873}.Release|Any CPU.ActiveCfg = Release|Any CPU
		{379660C3-2D2D-4383-B388-51E021CBF873}.Release|Any CPU.Build.0 = Release|Any CPU
		{379660C3-2D2D-4383-B388-51E021CBF873}.Release|ARM.ActiveCfg = Release|Any CPU
		{379660C3-2D2D-4383-B388-51E021CBF873}.Release|ARM.Build.0 = Release|Any CPU
		{379660C3-2D2D-4383-B388-51E021CBF873}.Release|iPhone.ActiveCfg = Release|Any CPU
		{379660C3-2D2D-4383-B388-51E021CBF873}.Release|iPhone.Build.0 = Release|Any CPU
		{379660C3-2D2D-4383-B388-51E021CBF873}.Release|iPhoneSimulator.ActiveCfg = Release|Any CPU
		{379660C3-2D2D-4383-B388-51E021CBF873}.Release|iPhoneSimulator.Build.0 = Release|Any CPU
		{379660C3-2D2D-4383-B388-51E021CBF873}.Release|x64.ActiveCfg = Release|Any CPU
		{379660C3-2D2D-4383-B388-51E021CBF873}.Release|x64.Build.0 = Release|Any CPU
		{379660C3-2D2D-4383-B388-51E021CBF873}.Release|x86.ActiveCfg = Release|Any CPU
		{379660C3-2D2D-4383-B388-51E021CBF873}.Release|x86.Build.0 = Release|Any CPU
		{145AA4C5-9F44-4466-9768-75E859C9EDB9}.Ad-Hoc|Any CPU.ActiveCfg = Release|Any CPU
		{145AA4C5-9F44-4466-9768-75E859C9EDB9}.Ad-Hoc|Any CPU.Build.0 = Release|Any CPU
		{145AA4C5-9F44-4466-9768-75E859C9EDB9}.Ad-Hoc|ARM.ActiveCfg = Release|Any CPU
		{145AA4C5-9F44-4466-9768-75E859C9EDB9}.Ad-Hoc|ARM.Build.0 = Release|Any CPU
		{145AA4C5-9F44-4466-9768-75E859C9EDB9}.Ad-Hoc|iPhone.ActiveCfg = Release|Any CPU
		{145AA4C5-9F44-4466-9768-75E859C9EDB9}.Ad-Hoc|iPhone.Build.0 = Release|Any CPU
		{145AA4C5-9F44-4466-9768-75E859C9EDB9}.Ad-Hoc|iPhoneSimulator.ActiveCfg = Release|Any CPU
		{145AA4C5-9F44-4466-9768-75E859C9EDB9}.Ad-Hoc|iPhoneSimulator.Build.0 = Release|Any CPU
		{145AA4C5-9F44-4466-9768-75E859C9EDB9}.Ad-Hoc|x64.ActiveCfg = Release|Any CPU
		{145AA4C5-9F44-4466-9768-75E859C9EDB9}.Ad-Hoc|x64.Build.0 = Release|Any CPU
		{145AA4C5-9F44-4466-9768-75E859C9EDB9}.Ad-Hoc|x86.ActiveCfg = Release|Any CPU
		{145AA4C5-9F44-4466-9768-75E859C9EDB9}.Ad-Hoc|x86.Build.0 = Release|Any CPU
		{145AA4C5-9F44-4466-9768-75E859C9EDB9}.AppStore|Any CPU.ActiveCfg = Release|Any CPU
		{145AA4C5-9F44-4466-9768-75E859C9EDB9}.AppStore|Any CPU.Build.0 = Release|Any CPU
		{145AA4C5-9F44-4466-9768-75E859C9EDB9}.AppStore|ARM.ActiveCfg = Release|Any CPU
		{145AA4C5-9F44-4466-9768-75E859C9EDB9}.AppStore|ARM.Build.0 = Release|Any CPU
		{145AA4C5-9F44-4466-9768-75E859C9EDB9}.AppStore|iPhone.ActiveCfg = Release|Any CPU
		{145AA4C5-9F44-4466-9768-75E859C9EDB9}.AppStore|iPhone.Build.0 = Release|Any CPU
		{145AA4C5-9F44-4466-9768-75E859C9EDB9}.AppStore|iPhoneSimulator.ActiveCfg = Release|Any CPU
		{145AA4C5-9F44-4466-9768-75E859C9EDB9}.AppStore|iPhoneSimulator.Build.0 = Release|Any CPU
		{145AA4C5-9F44-4466-9768-75E859C9EDB9}.AppStore|x64.ActiveCfg = Release|Any CPU
		{145AA4C5-9F44-4466-9768-75E859C9EDB9}.AppStore|x64.Build.0 = Release|Any CPU
		{145AA4C5-9F44-4466-9768-75E859C9EDB9}.AppStore|x86.ActiveCfg = Release|Any CPU
		{145AA4C5-9F44-4466-9768-75E859C9EDB9}.AppStore|x86.Build.0 = Release|Any CPU
		{145AA4C5-9F44-4466-9768-75E859C9EDB9}.Debug|Any CPU.ActiveCfg = Debug|Any CPU
		{145AA4C5-9F44-4466-9768-75E859C9EDB9}.Debug|Any CPU.Build.0 = Debug|Any CPU
		{145AA4C5-9F44-4466-9768-75E859C9EDB9}.Debug|ARM.ActiveCfg = Debug|Any CPU
		{145AA4C5-9F44-4466-9768-75E859C9EDB9}.Debug|ARM.Build.0 = Debug|Any CPU
		{145AA4C5-9F44-4466-9768-75E859C9EDB9}.Debug|iPhone.ActiveCfg = Debug|Any CPU
		{145AA4C5-9F44-4466-9768-75E859C9EDB9}.Debug|iPhone.Build.0 = Debug|Any CPU
		{145AA4C5-9F44-4466-9768-75E859C9EDB9}.Debug|iPhoneSimulator.ActiveCfg = Debug|Any CPU
		{145AA4C5-9F44-4466-9768-75E859C9EDB9}.Debug|iPhoneSimulator.Build.0 = Debug|Any CPU
		{145AA4C5-9F44-4466-9768-75E859C9EDB9}.Debug|x64.ActiveCfg = Debug|Any CPU
		{145AA4C5-9F44-4466-9768-75E859C9EDB9}.Debug|x64.Build.0 = Debug|Any CPU
		{145AA4C5-9F44-4466-9768-75E859C9EDB9}.Debug|x86.ActiveCfg = Debug|Any CPU
		{145AA4C5-9F44-4466-9768-75E859C9EDB9}.Debug|x86.Build.0 = Debug|Any CPU
		{145AA4C5-9F44-4466-9768-75E859C9EDB9}.Release|Any CPU.ActiveCfg = Release|Any CPU
		{145AA4C5-9F44-4466-9768-75E859C9EDB9}.Release|Any CPU.Build.0 = Release|Any CPU
		{145AA4C5-9F44-4466-9768-75E859C9EDB9}.Release|ARM.ActiveCfg = Release|Any CPU
		{145AA4C5-9F44-4466-9768-75E859C9EDB9}.Release|ARM.Build.0 = Release|Any CPU
		{145AA4C5-9F44-4466-9768-75E859C9EDB9}.Release|iPhone.ActiveCfg = Release|Any CPU
		{145AA4C5-9F44-4466-9768-75E859C9EDB9}.Release|iPhone.Build.0 = Release|Any CPU
		{145AA4C5-9F44-4466-9768-75E859C9EDB9}.Release|iPhoneSimulator.ActiveCfg = Release|Any CPU
		{145AA4C5-9F44-4466-9768-75E859C9EDB9}.Release|iPhoneSimulator.Build.0 = Release|Any CPU
		{145AA4C5-9F44-4466-9768-75E859C9EDB9}.Release|x64.ActiveCfg = Release|Any CPU
		{145AA4C5-9F44-4466-9768-75E859C9EDB9}.Release|x64.Build.0 = Release|Any CPU
		{145AA4C5-9F44-4466-9768-75E859C9EDB9}.Release|x86.ActiveCfg = Release|Any CPU
		{145AA4C5-9F44-4466-9768-75E859C9EDB9}.Release|x86.Build.0 = Release|Any CPU
		{BEC6F797-2EDA-43FF-A050-ADE2234A233A}.Ad-Hoc|Any CPU.ActiveCfg = Release|Any CPU
		{BEC6F797-2EDA-43FF-A050-ADE2234A233A}.Ad-Hoc|Any CPU.Build.0 = Release|Any CPU
		{BEC6F797-2EDA-43FF-A050-ADE2234A233A}.Ad-Hoc|ARM.ActiveCfg = Release|Any CPU
		{BEC6F797-2EDA-43FF-A050-ADE2234A233A}.Ad-Hoc|ARM.Build.0 = Release|Any CPU
		{BEC6F797-2EDA-43FF-A050-ADE2234A233A}.Ad-Hoc|iPhone.ActiveCfg = Release|Any CPU
		{BEC6F797-2EDA-43FF-A050-ADE2234A233A}.Ad-Hoc|iPhone.Build.0 = Release|Any CPU
		{BEC6F797-2EDA-43FF-A050-ADE2234A233A}.Ad-Hoc|iPhoneSimulator.ActiveCfg = Release|Any CPU
		{BEC6F797-2EDA-43FF-A050-ADE2234A233A}.Ad-Hoc|iPhoneSimulator.Build.0 = Release|Any CPU
		{BEC6F797-2EDA-43FF-A050-ADE2234A233A}.Ad-Hoc|x64.ActiveCfg = Release|Any CPU
		{BEC6F797-2EDA-43FF-A050-ADE2234A233A}.Ad-Hoc|x64.Build.0 = Release|Any CPU
		{BEC6F797-2EDA-43FF-A050-ADE2234A233A}.Ad-Hoc|x86.ActiveCfg = Release|Any CPU
		{BEC6F797-2EDA-43FF-A050-ADE2234A233A}.Ad-Hoc|x86.Build.0 = Release|Any CPU
		{BEC6F797-2EDA-43FF-A050-ADE2234A233A}.AppStore|Any CPU.ActiveCfg = Release|Any CPU
		{BEC6F797-2EDA-43FF-A050-ADE2234A233A}.AppStore|Any CPU.Build.0 = Release|Any CPU
		{BEC6F797-2EDA-43FF-A050-ADE2234A233A}.AppStore|ARM.ActiveCfg = Release|Any CPU
		{BEC6F797-2EDA-43FF-A050-ADE2234A233A}.AppStore|ARM.Build.0 = Release|Any CPU
		{BEC6F797-2EDA-43FF-A050-ADE2234A233A}.AppStore|iPhone.ActiveCfg = Release|Any CPU
		{BEC6F797-2EDA-43FF-A050-ADE2234A233A}.AppStore|iPhone.Build.0 = Release|Any CPU
		{BEC6F797-2EDA-43FF-A050-ADE2234A233A}.AppStore|iPhoneSimulator.ActiveCfg = Release|Any CPU
		{BEC6F797-2EDA-43FF-A050-ADE2234A233A}.AppStore|iPhoneSimulator.Build.0 = Release|Any CPU
		{BEC6F797-2EDA-43FF-A050-ADE2234A233A}.AppStore|x64.ActiveCfg = Release|Any CPU
		{BEC6F797-2EDA-43FF-A050-ADE2234A233A}.AppStore|x64.Build.0 = Release|Any CPU
		{BEC6F797-2EDA-43FF-A050-ADE2234A233A}.AppStore|x86.ActiveCfg = Release|Any CPU
		{BEC6F797-2EDA-43FF-A050-ADE2234A233A}.AppStore|x86.Build.0 = Release|Any CPU
		{BEC6F797-2EDA-43FF-A050-ADE2234A233A}.Debug|Any CPU.ActiveCfg = Debug|Any CPU
		{BEC6F797-2EDA-43FF-A050-ADE2234A233A}.Debug|Any CPU.Build.0 = Debug|Any CPU
		{BEC6F797-2EDA-43FF-A050-ADE2234A233A}.Debug|ARM.ActiveCfg = Debug|Any CPU
		{BEC6F797-2EDA-43FF-A050-ADE2234A233A}.Debug|ARM.Build.0 = Debug|Any CPU
		{BEC6F797-2EDA-43FF-A050-ADE2234A233A}.Debug|iPhone.ActiveCfg = Debug|Any CPU
		{BEC6F797-2EDA-43FF-A050-ADE2234A233A}.Debug|iPhone.Build.0 = Debug|Any CPU
		{BEC6F797-2EDA-43FF-A050-ADE2234A233A}.Debug|iPhoneSimulator.ActiveCfg = Debug|Any CPU
		{BEC6F797-2EDA-43FF-A050-ADE2234A233A}.Debug|iPhoneSimulator.Build.0 = Debug|Any CPU
		{BEC6F797-2EDA-43FF-A050-ADE2234A233A}.Debug|x64.ActiveCfg = Debug|Any CPU
		{BEC6F797-2EDA-43FF-A050-ADE2234A233A}.Debug|x64.Build.0 = Debug|Any CPU
		{BEC6F797-2EDA-43FF-A050-ADE2234A233A}.Debug|x86.ActiveCfg = Debug|Any CPU
		{BEC6F797-2EDA-43FF-A050-ADE2234A233A}.Debug|x86.Build.0 = Debug|Any CPU
		{BEC6F797-2EDA-43FF-A050-ADE2234A233A}.Release|Any CPU.ActiveCfg = Release|Any CPU
		{BEC6F797-2EDA-43FF-A050-ADE2234A233A}.Release|Any CPU.Build.0 = Release|Any CPU
		{BEC6F797-2EDA-43FF-A050-ADE2234A233A}.Release|ARM.ActiveCfg = Release|Any CPU
		{BEC6F797-2EDA-43FF-A050-ADE2234A233A}.Release|ARM.Build.0 = Release|Any CPU
		{BEC6F797-2EDA-43FF-A050-ADE2234A233A}.Release|iPhone.ActiveCfg = Release|Any CPU
		{BEC6F797-2EDA-43FF-A050-ADE2234A233A}.Release|iPhone.Build.0 = Release|Any CPU
		{BEC6F797-2EDA-43FF-A050-ADE2234A233A}.Release|iPhoneSimulator.ActiveCfg = Release|Any CPU
		{BEC6F797-2EDA-43FF-A050-ADE2234A233A}.Release|iPhoneSimulator.Build.0 = Release|Any CPU
		{BEC6F797-2EDA-43FF-A050-ADE2234A233A}.Release|x64.ActiveCfg = Release|Any CPU
		{BEC6F797-2EDA-43FF-A050-ADE2234A233A}.Release|x64.Build.0 = Release|Any CPU
		{BEC6F797-2EDA-43FF-A050-ADE2234A233A}.Release|x86.ActiveCfg = Release|Any CPU
		{BEC6F797-2EDA-43FF-A050-ADE2234A233A}.Release|x86.Build.0 = Release|Any CPU
	EndGlobalSection
	GlobalSection(SolutionProperties) = preSolution
		HideSolutionNode = FALSE
	EndGlobalSection
EndGlobal
